{
    "name": "replus-app",
    "version": "0.1.0",
    "lockfileVersion": 1,
    "requires": true,
    "dependencies": {
        "@material/animation": {
            "version": "0.34.0",
            "resolved": "https://registry.npmjs.org/@material/animation/-/animation-0.34.0.tgz",
            "integrity": "sha512-HKWU+pHda+xSIV0lwrTMOb/N005NIAV7+tvEEjTiLrQx74eO6J9nIjfCpZ0W4D8Kb9K90lgHFo0ZRC6yDTjizQ=="
        },
        "@material/base": {
            "version": "0.35.0",
            "resolved": "https://registry.npmjs.org/@material/base/-/base-0.35.0.tgz",
            "integrity": "sha512-PYuluVzcH8hxtionVvpTSygTENlgyOHvJ5ka7JfbCRQfXlxjV8zKYwhh9u/1HqA6y1OonG1oGFCaBHopbdsNEQ=="
        },
        "@material/button": {
            "version": "0.35.0",
            "resolved": "https://registry.npmjs.org/@material/button/-/button-0.35.0.tgz",
            "integrity": "sha512-s51eDAT7CqkTP5YqOZiCtW0TWqME/mhB+b+/XOmGm6aGzX3wXSvV9tJJTjarFHIabXkz8BirGuqVyrLLIZp8Ng==",
            "requires": {
                "@material/elevation": "^0.35.0",
                "@material/ripple": "^0.35.0",
                "@material/rtl": "^0.35.0",
                "@material/theme": "^0.35.0",
                "@material/typography": "^0.35.0"
            }
        },
        "@material/elevation": {
            "version": "0.35.0",
            "resolved": "https://registry.npmjs.org/@material/elevation/-/elevation-0.35.0.tgz",
            "integrity": "sha512-8j+CRrrmyJ/0cSLXI4NykqPIvkHf7dLVUd6G7g7BXDOQkNOMSuu+/8qWOl8zpzd6eoXCqhD8JeZCw684XhVzQw==",
            "requires": {
                "@material/animation": "^0.34.0",
                "@material/theme": "^0.4.0"
            },
            "dependencies": {
                "@material/theme": {
                    "version": "0.4.0",
                    "resolved": "https://registry.npmjs.org/@material/theme/-/theme-0.4.0.tgz",
                    "integrity": "sha1-Cu8aAnm2XBWZBYT7i47KCVxzRkE="
                }
            }
        },
        "@material/mwc-base": {
            "version": "0.1.0",
            "resolved": "https://registry.npmjs.org/@material/mwc-base/-/mwc-base-0.1.0.tgz",
            "integrity": "sha512-7+NhAXJY7en2ND2IvDfAgBZ6LKeKMqwHPF+29yqXCk+BPF2LLdKuEeR7PPngRvZKVn8vTj7l55e7UMzSIOgcXg==",
            "requires": {
                "@polymer/lit-element": "^0.4.0"
            },
            "dependencies": {
                "@polymer/lit-element": {
                    "version": "0.4.0",
                    "resolved": "https://registry.npmjs.org/@polymer/lit-element/-/lit-element-0.4.0.tgz",
                    "integrity": "sha512-fDnr66sBW2FtNAueCfk6YCw6D63ai8p3mutVCD/phrlWlbI34wliAAZWC7/5PfZYNUaGaEg65jEVyf/UeNE4Gg==",
                    "requires": {
                        "@polymer/polymer": "^3.0.0-pre.13",
                        "lit-html": "^0.9.0"
                    }
                },
                "@polymer/polymer": {
                    "version": "3.0.2",
                    "resolved": "https://registry.npmjs.org/@polymer/polymer/-/polymer-3.0.2.tgz",
                    "integrity": "sha512-ow8AAjTe9ps8bantY9IvL0PT+xHf5VN3Cjahfr7gBJAc0lv3jTwGBv7pso65SHyrUJEEHeakhx6iPMl7qY4tfw==",
                    "requires": {
                        "@webcomponents/shadycss": "^1.2.0"
                    }
                }
            }
        },
        "@material/mwc-button": {
            "version": "0.1.1",
            "resolved": "https://registry.npmjs.org/@material/mwc-button/-/mwc-button-0.1.1.tgz",
            "integrity": "sha512-/wRiD3lEixI2cVyf66nfnMoy4iB2ZV+CfcVge/DZQ1zXX8bBGm8xTtvTkzMjWVVFMo14/JAxAuim8xsWwi9ygQ==",
            "requires": {
                "@material/button": "^0.35.0",
                "@material/mwc-base": "^0.1.0",
                "@material/mwc-icon": "^0.1.1",
                "@material/mwc-ripple": "^0.1.1",
                "@polymer/lit-element": "^0.4.0"
            },
            "dependencies": {
                "@polymer/lit-element": {
                    "version": "0.4.0",
                    "resolved": "https://registry.npmjs.org/@polymer/lit-element/-/lit-element-0.4.0.tgz",
                    "integrity": "sha512-fDnr66sBW2FtNAueCfk6YCw6D63ai8p3mutVCD/phrlWlbI34wliAAZWC7/5PfZYNUaGaEg65jEVyf/UeNE4Gg==",
                    "requires": {
                        "@polymer/polymer": "^3.0.0-pre.13",
                        "lit-html": "^0.9.0"
                    }
                },
                "@polymer/polymer": {
                    "version": "3.0.2",
                    "resolved": "https://registry.npmjs.org/@polymer/polymer/-/polymer-3.0.2.tgz",
                    "integrity": "sha512-ow8AAjTe9ps8bantY9IvL0PT+xHf5VN3Cjahfr7gBJAc0lv3jTwGBv7pso65SHyrUJEEHeakhx6iPMl7qY4tfw==",
                    "requires": {
                        "@webcomponents/shadycss": "^1.2.0"
                    }
                }
            }
        },
        "@material/mwc-icon": {
            "version": "0.1.1",
            "resolved": "https://registry.npmjs.org/@material/mwc-icon/-/mwc-icon-0.1.1.tgz",
            "integrity": "sha512-oyBvqUpXQ5j+SeUiYs/s5frNRhinLAmPDSCEYZ3TUzA6Y/jQPPYBFyV8pKL+reC7qA7hFNwO5oqSDNiGLO8+bw==",
            "requires": {
                "@material/mwc-base": "^0.1.0",
                "@polymer/lit-element": "^0.4.0"
            },
            "dependencies": {
                "@polymer/lit-element": {
                    "version": "0.4.0",
                    "resolved": "https://registry.npmjs.org/@polymer/lit-element/-/lit-element-0.4.0.tgz",
                    "integrity": "sha512-fDnr66sBW2FtNAueCfk6YCw6D63ai8p3mutVCD/phrlWlbI34wliAAZWC7/5PfZYNUaGaEg65jEVyf/UeNE4Gg==",
                    "requires": {
                        "@polymer/polymer": "^3.0.0-pre.13",
                        "lit-html": "^0.9.0"
                    }
                },
                "@polymer/polymer": {
                    "version": "3.0.2",
                    "resolved": "https://registry.npmjs.org/@polymer/polymer/-/polymer-3.0.2.tgz",
                    "integrity": "sha512-ow8AAjTe9ps8bantY9IvL0PT+xHf5VN3Cjahfr7gBJAc0lv3jTwGBv7pso65SHyrUJEEHeakhx6iPMl7qY4tfw==",
                    "requires": {
                        "@webcomponents/shadycss": "^1.2.0"
                    }
                }
            }
        },
        "@material/mwc-ripple": {
            "version": "0.1.1",
            "resolved": "https://registry.npmjs.org/@material/mwc-ripple/-/mwc-ripple-0.1.1.tgz",
            "integrity": "sha512-AnpUSxPFVjT0o5lL6/sqrv8P8+rwehMWl+2u1cRVa9T927U15cqv1TEIfr5q4uthnLDo1xel4aOhgfqmIOwfoQ==",
            "requires": {
                "@material/mwc-base": "^0.1.0",
                "@material/ripple": "^0.35.0",
                "@polymer/lit-element": "^0.4.0"
            },
            "dependencies": {
                "@polymer/lit-element": {
                    "version": "0.4.0",
                    "resolved": "https://registry.npmjs.org/@polymer/lit-element/-/lit-element-0.4.0.tgz",
                    "integrity": "sha512-fDnr66sBW2FtNAueCfk6YCw6D63ai8p3mutVCD/phrlWlbI34wliAAZWC7/5PfZYNUaGaEg65jEVyf/UeNE4Gg==",
                    "requires": {
                        "@polymer/polymer": "^3.0.0-pre.13",
                        "lit-html": "^0.9.0"
                    }
                },
                "@polymer/polymer": {
                    "version": "3.0.2",
                    "resolved": "https://registry.npmjs.org/@polymer/polymer/-/polymer-3.0.2.tgz",
                    "integrity": "sha512-ow8AAjTe9ps8bantY9IvL0PT+xHf5VN3Cjahfr7gBJAc0lv3jTwGBv7pso65SHyrUJEEHeakhx6iPMl7qY4tfw==",
                    "requires": {
                        "@webcomponents/shadycss": "^1.2.0"
                    }
                }
            }
        },
        "@material/ripple": {
            "version": "0.35.0",
            "resolved": "https://registry.npmjs.org/@material/ripple/-/ripple-0.35.0.tgz",
            "integrity": "sha512-zc/yjZ1DC1rNPaGrH6XkU/S2hgq8qy+ibq4cg0I3G8dWZyI0rXnh7RVFGsEk66z0hvEzD/du2xWPH5dyShFW/A==",
            "requires": {
                "@material/base": "^0.35.0",
                "@material/theme": "^0.35.0"
            }
        },
        "@material/rtl": {
            "version": "0.35.0",
            "resolved": "https://registry.npmjs.org/@material/rtl/-/rtl-0.35.0.tgz",
            "integrity": "sha512-Cn5xpwgVuB37NUTAPS+TMZ+XLJaztp7oDrv5y73zu0ZjTnf9HPAsS16ovauf8HQqMaZyAj9B3tvZHL05g4y5pA=="
        },
        "@material/theme": {
            "version": "0.35.0",
            "resolved": "https://registry.npmjs.org/@material/theme/-/theme-0.35.0.tgz",
            "integrity": "sha512-jTjRDPKlWVCNnSs4RRe/eq9+F5lFBzxfbuI7klgCR6jTXRMB93jKKKO7k6chgo9l0oObhLh81ao6sq/eV0WFIw=="
        },
        "@material/typography": {
            "version": "0.35.0",
            "resolved": "https://registry.npmjs.org/@material/typography/-/typography-0.35.0.tgz",
            "integrity": "sha512-7uXybSQToQCgB19RT0Pq47NkXSSojpbccVAObw/7fmfNUTcr3elNc8iPS/f1slYDTDEdyqM7hCreLcfZQK8ATQ=="
        },
        "@polymer/font-roboto": {
            "version": "3.0.0-pre.19",
            "resolved": "https://registry.npmjs.org/@polymer/font-roboto/-/font-roboto-3.0.0-pre.19.tgz",
            "integrity": "sha512-brLUbgLGzBVNlmHhpDHnWdPI6KNkHmTjtX+82dvHpeuUjPsey2uH4fFofWC+m29/yxY+GH5RGv493AfRUDcokQ=="
        },
        "@polymer/iron-a11y-announcer": {
            "version": "3.0.0-pre.19",
            "resolved": "https://registry.npmjs.org/@polymer/iron-a11y-announcer/-/iron-a11y-announcer-3.0.0-pre.19.tgz",
            "integrity": "sha512-iKD9eOlMkxZvvdd1QiwqsWQhrvbOsSF2KpjydbZjr6J+e2ADITyvN8TYocTm9ekqwmV90slF6YWWLuF3JO0OWQ==",
            "requires": {
                "@polymer/polymer": "^3.0.0"
            },
            "dependencies": {
                "@polymer/polymer": {
                    "version": "3.0.2",
                    "resolved": "https://registry.npmjs.org/@polymer/polymer/-/polymer-3.0.2.tgz",
                    "integrity": "sha512-ow8AAjTe9ps8bantY9IvL0PT+xHf5VN3Cjahfr7gBJAc0lv3jTwGBv7pso65SHyrUJEEHeakhx6iPMl7qY4tfw==",
                    "requires": {
                        "@webcomponents/shadycss": "^1.2.0"
                    }
                }
            }
        },
        "@polymer/iron-a11y-keys-behavior": {
            "version": "3.0.0-pre.19",
            "resolved": "https://registry.npmjs.org/@polymer/iron-a11y-keys-behavior/-/iron-a11y-keys-behavior-3.0.0-pre.19.tgz",
            "integrity": "sha512-jti4YDsjxTny2AJJxAQ89Gwq7+AMblOZLWBOQiciqDuRdj+nEelf227DAUwIejoII6cYQCV/Knw+Qit5zZx2kQ==",
            "requires": {
                "@polymer/polymer": "^3.0.0"
            },
            "dependencies": {
                "@polymer/polymer": {
                    "version": "3.0.2",
                    "resolved": "https://registry.npmjs.org/@polymer/polymer/-/polymer-3.0.2.tgz",
                    "integrity": "sha512-ow8AAjTe9ps8bantY9IvL0PT+xHf5VN3Cjahfr7gBJAc0lv3jTwGBv7pso65SHyrUJEEHeakhx6iPMl7qY4tfw==",
                    "requires": {
                        "@webcomponents/shadycss": "^1.2.0"
                    }
                }
            }
        },
        "@polymer/iron-autogrow-textarea": {
            "version": "3.0.0-pre.19",
            "resolved": "https://registry.npmjs.org/@polymer/iron-autogrow-textarea/-/iron-autogrow-textarea-3.0.0-pre.19.tgz",
            "integrity": "sha512-YXVvjy+abONSUUIzUCV117sV9QJ8G2FB8Wbuup80o3eEfdhRtj2cz1QaUhIZZw2pUFJRTI8R4D2sC0wtGB/wow==",
            "requires": {
                "@polymer/iron-behaviors": "^3.0.0-pre.19",
                "@polymer/iron-flex-layout": "^3.0.0-pre.19",
                "@polymer/iron-validatable-behavior": "^3.0.0-pre.19",
                "@polymer/polymer": "^3.0.0"
            },
            "dependencies": {
                "@polymer/iron-flex-layout": {
                    "version": "3.0.0-pre.19",
                    "resolved": "https://registry.npmjs.org/@polymer/iron-flex-layout/-/iron-flex-layout-3.0.0-pre.19.tgz",
                    "integrity": "sha512-EZ25vUjmZXLc0hKJj338Ec1fQwemBsfe+Zo5d6ThzJzoSq72uGlZ8deLYNiAhIw6UZZxWttXcN6c/2kZ4qV18A==",
                    "requires": {
                        "@polymer/polymer": "^3.0.0"
                    }
                },
                "@polymer/polymer": {
                    "version": "3.0.2",
                    "resolved": "https://registry.npmjs.org/@polymer/polymer/-/polymer-3.0.2.tgz",
                    "integrity": "sha512-ow8AAjTe9ps8bantY9IvL0PT+xHf5VN3Cjahfr7gBJAc0lv3jTwGBv7pso65SHyrUJEEHeakhx6iPMl7qY4tfw==",
                    "requires": {
                        "@webcomponents/shadycss": "^1.2.0"
                    }
                }
            }
        },
        "@polymer/iron-behaviors": {
            "version": "3.0.0-pre.19",
            "resolved": "https://registry.npmjs.org/@polymer/iron-behaviors/-/iron-behaviors-3.0.0-pre.19.tgz",
            "integrity": "sha512-pxiCO2sN5by1Xmx9aVG9+t/Mpx7HRVXPUt1Aj8qxgF6lE+LlkiHWtOkl1WYqeun1F4Yh38x5LztWnCUvxe5sEw==",
            "requires": {
                "@polymer/iron-a11y-keys-behavior": "^3.0.0-pre.19",
                "@polymer/polymer": "^3.0.0"
            },
            "dependencies": {
                "@polymer/polymer": {
                    "version": "3.0.2",
                    "resolved": "https://registry.npmjs.org/@polymer/polymer/-/polymer-3.0.2.tgz",
                    "integrity": "sha512-ow8AAjTe9ps8bantY9IvL0PT+xHf5VN3Cjahfr7gBJAc0lv3jTwGBv7pso65SHyrUJEEHeakhx6iPMl7qY4tfw==",
                    "requires": {
                        "@webcomponents/shadycss": "^1.2.0"
                    }
                }
            }
        },
        "@polymer/iron-form-element-behavior": {
            "version": "3.0.0-pre.19",
            "resolved": "https://registry.npmjs.org/@polymer/iron-form-element-behavior/-/iron-form-element-behavior-3.0.0-pre.19.tgz",
            "integrity": "sha512-ZiJ65MFcuFk2kJZqgY8ogspeV8mcrhlIOkwSaT/RWkhakeQ5WZ3++jhmjmNVQqUbYBPr0eLtZQp/TqGjd1UGyg==",
            "requires": {
                "@polymer/polymer": "^3.0.0"
            },
            "dependencies": {
                "@polymer/polymer": {
                    "version": "3.0.2",
                    "resolved": "https://registry.npmjs.org/@polymer/polymer/-/polymer-3.0.2.tgz",
                    "integrity": "sha512-ow8AAjTe9ps8bantY9IvL0PT+xHf5VN3Cjahfr7gBJAc0lv3jTwGBv7pso65SHyrUJEEHeakhx6iPMl7qY4tfw==",
                    "requires": {
                        "@webcomponents/shadycss": "^1.2.0"
                    }
                }
            }
        },
        "@polymer/iron-input": {
            "version": "3.0.0-pre.19",
            "resolved": "https://registry.npmjs.org/@polymer/iron-input/-/iron-input-3.0.0-pre.19.tgz",
            "integrity": "sha512-uqG85u5j4Ca0mbCHqBZUKT9w708BkKWE9heq38pg2qavAPMp//duxfhkaC8HUyl4krqTl+U92U/Ss9g3GYjRkg==",
            "requires": {
                "@polymer/iron-a11y-announcer": "^3.0.0-pre.19",
                "@polymer/iron-validatable-behavior": "^3.0.0-pre.19",
                "@polymer/polymer": "^3.0.0"
            },
            "dependencies": {
                "@polymer/polymer": {
                    "version": "3.0.2",
                    "resolved": "https://registry.npmjs.org/@polymer/polymer/-/polymer-3.0.2.tgz",
                    "integrity": "sha512-ow8AAjTe9ps8bantY9IvL0PT+xHf5VN3Cjahfr7gBJAc0lv3jTwGBv7pso65SHyrUJEEHeakhx6iPMl7qY4tfw==",
                    "requires": {
                        "@webcomponents/shadycss": "^1.2.0"
                    }
                }
            }
        },
        "@polymer/iron-meta": {
            "version": "3.0.0-pre.19",
            "resolved": "https://registry.npmjs.org/@polymer/iron-meta/-/iron-meta-3.0.0-pre.19.tgz",
            "integrity": "sha512-rZk6W37srfnB1MqlYq3sbg/mZiGSYf/xpjc7xf7uJUUvX+oe0o65o4T4b1BwthVE6uqffO43p2MjFt2kDXDrjA==",
            "requires": {
                "@polymer/polymer": "^3.0.0"
            },
            "dependencies": {
                "@polymer/polymer": {
                    "version": "3.0.2",
                    "resolved": "https://registry.npmjs.org/@polymer/polymer/-/polymer-3.0.2.tgz",
                    "integrity": "sha512-ow8AAjTe9ps8bantY9IvL0PT+xHf5VN3Cjahfr7gBJAc0lv3jTwGBv7pso65SHyrUJEEHeakhx6iPMl7qY4tfw==",
                    "requires": {
                        "@webcomponents/shadycss": "^1.2.0"
                    }
                }
            }
        },
        "@polymer/iron-range-behavior": {
            "version": "3.0.0-pre.19",
            "resolved": "https://registry.npmjs.org/@polymer/iron-range-behavior/-/iron-range-behavior-3.0.0-pre.19.tgz",
            "integrity": "sha512-xrc/1hmN3wLUTR62msCrFVFYZ+pGOsqQ9mNtqfk5TQiwzK/ZXR/W/jdOIGsxqZqhm5lBjX6zrJwnCt0yWXgqDw==",
            "requires": {
                "@polymer/polymer": "^3.0.0"
            },
            "dependencies": {
                "@polymer/polymer": {
                    "version": "3.0.2",
                    "resolved": "https://registry.npmjs.org/@polymer/polymer/-/polymer-3.0.2.tgz",
                    "integrity": "sha512-ow8AAjTe9ps8bantY9IvL0PT+xHf5VN3Cjahfr7gBJAc0lv3jTwGBv7pso65SHyrUJEEHeakhx6iPMl7qY4tfw==",
                    "requires": {
                        "@webcomponents/shadycss": "^1.2.0"
                    }
                }
            }
        },
        "@polymer/iron-validatable-behavior": {
            "version": "3.0.0-pre.19",
            "resolved": "https://registry.npmjs.org/@polymer/iron-validatable-behavior/-/iron-validatable-behavior-3.0.0-pre.19.tgz",
            "integrity": "sha512-lUC48m8u4+eLxcGJbaIYr3HQepP1Bn9bVeEfrVa3PlUHVkqdj8xOYxtI2fBm1UxQpmxA+I0KWwbL9zqpD1ozuA==",
            "requires": {
                "@polymer/iron-meta": "^3.0.0-pre.19",
                "@polymer/polymer": "^3.0.0"
            },
            "dependencies": {
                "@polymer/polymer": {
                    "version": "3.0.2",
                    "resolved": "https://registry.npmjs.org/@polymer/polymer/-/polymer-3.0.2.tgz",
                    "integrity": "sha512-ow8AAjTe9ps8bantY9IvL0PT+xHf5VN3Cjahfr7gBJAc0lv3jTwGBv7pso65SHyrUJEEHeakhx6iPMl7qY4tfw==",
                    "requires": {
                        "@webcomponents/shadycss": "^1.2.0"
                    }
                }
            }
        },
        "@polymer/paper-input": {
            "version": "3.0.0-pre.19",
            "resolved": "https://registry.npmjs.org/@polymer/paper-input/-/paper-input-3.0.0-pre.19.tgz",
            "integrity": "sha512-BmzJuDMBlWSmfnITLZgs2D6iAYQC8tfbmIeWorWmzRvkPRBXcA1Cpec1NhRrylDBW1DS7RQJsh9vX0kW8lWKiQ==",
            "requires": {
                "@polymer/iron-a11y-keys-behavior": "^3.0.0-pre.19",
                "@polymer/iron-autogrow-textarea": "^3.0.0-pre.19",
                "@polymer/iron-behaviors": "^3.0.0-pre.19",
                "@polymer/iron-form-element-behavior": "^3.0.0-pre.19",
                "@polymer/iron-input": "^3.0.0-pre.19",
                "@polymer/paper-styles": "^3.0.0-pre.19",
                "@polymer/polymer": "^3.0.0"
            },
            "dependencies": {
                "@polymer/iron-flex-layout": {
                    "version": "3.0.0-pre.19",
                    "resolved": "https://registry.npmjs.org/@polymer/iron-flex-layout/-/iron-flex-layout-3.0.0-pre.19.tgz",
                    "integrity": "sha512-EZ25vUjmZXLc0hKJj338Ec1fQwemBsfe+Zo5d6ThzJzoSq72uGlZ8deLYNiAhIw6UZZxWttXcN6c/2kZ4qV18A==",
                    "requires": {
                        "@polymer/polymer": "^3.0.0"
                    }
                },
                "@polymer/paper-styles": {
                    "version": "3.0.0-pre.19",
                    "resolved": "https://registry.npmjs.org/@polymer/paper-styles/-/paper-styles-3.0.0-pre.19.tgz",
                    "integrity": "sha512-ASspmHr6GJjDiPxOVsqR2mFSQim13nGy03iLeyBXxX9QQa1rXI6r16/HShBvg8MrncQSRRUHqkFCfRWO3CKpwA==",
                    "requires": {
                        "@polymer/font-roboto": "^3.0.0-pre.19",
                        "@polymer/iron-flex-layout": "^3.0.0-pre.19",
                        "@polymer/polymer": "^3.0.0"
                    }
                },
                "@polymer/polymer": {
                    "version": "3.0.2",
                    "resolved": "https://registry.npmjs.org/@polymer/polymer/-/polymer-3.0.2.tgz",
                    "integrity": "sha512-ow8AAjTe9ps8bantY9IvL0PT+xHf5VN3Cjahfr7gBJAc0lv3jTwGBv7pso65SHyrUJEEHeakhx6iPMl7qY4tfw==",
                    "requires": {
                        "@webcomponents/shadycss": "^1.2.0"
                    }
                }
            }
        },
        "@polymer/paper-item": {
            "version": "3.0.0-pre.19",
            "resolved": "https://registry.npmjs.org/@polymer/paper-item/-/paper-item-3.0.0-pre.19.tgz",
            "integrity": "sha512-xtKoG3Ns3vDXHkDfUaiER5L7mPotMl+EYuiveysIj4hKncnhc39bjCYwSUQdA4jDnMQOZw3nuGKi0tVWUoF4BQ==",
            "requires": {
                "@polymer/iron-behaviors": "^3.0.0-pre.19",
                "@polymer/iron-flex-layout": "^3.0.0-pre.19",
                "@polymer/paper-styles": "^3.0.0-pre.19",
                "@polymer/polymer": "^3.0.0"
            },
            "dependencies": {
                "@polymer/iron-flex-layout": {
                    "version": "3.0.0-pre.19",
                    "resolved": "https://registry.npmjs.org/@polymer/iron-flex-layout/-/iron-flex-layout-3.0.0-pre.19.tgz",
                    "integrity": "sha512-EZ25vUjmZXLc0hKJj338Ec1fQwemBsfe+Zo5d6ThzJzoSq72uGlZ8deLYNiAhIw6UZZxWttXcN6c/2kZ4qV18A==",
                    "requires": {
                        "@polymer/polymer": "^3.0.0"
                    }
                },
                "@polymer/paper-styles": {
                    "version": "3.0.0-pre.19",
                    "resolved": "https://registry.npmjs.org/@polymer/paper-styles/-/paper-styles-3.0.0-pre.19.tgz",
                    "integrity": "sha512-ASspmHr6GJjDiPxOVsqR2mFSQim13nGy03iLeyBXxX9QQa1rXI6r16/HShBvg8MrncQSRRUHqkFCfRWO3CKpwA==",
                    "requires": {
                        "@polymer/font-roboto": "^3.0.0-pre.19",
                        "@polymer/iron-flex-layout": "^3.0.0-pre.19",
                        "@polymer/polymer": "^3.0.0"
                    }
                },
                "@polymer/polymer": {
                    "version": "3.0.2",
                    "resolved": "https://registry.npmjs.org/@polymer/polymer/-/polymer-3.0.2.tgz",
                    "integrity": "sha512-ow8AAjTe9ps8bantY9IvL0PT+xHf5VN3Cjahfr7gBJAc0lv3jTwGBv7pso65SHyrUJEEHeakhx6iPMl7qY4tfw==",
                    "requires": {
                        "@webcomponents/shadycss": "^1.2.0"
                    }
                }
            }
        },
        "@polymer/paper-progress": {
            "version": "3.0.0-pre.18",
            "resolved": "https://registry.npmjs.org/@polymer/paper-progress/-/paper-progress-3.0.0-pre.18.tgz",
            "integrity": "sha512-ifz17DXfPBNS+vkbR29pWDGHQeauEgVvnP73qKGgCeAZKeCFVOJn+gOWbPup6AdE4YRt7vci+x4Zj7ZC4C1hlg==",
            "requires": {
                "@polymer/iron-flex-layout": "^3.0.0-pre.18",
                "@polymer/iron-range-behavior": "^3.0.0-pre.18",
                "@polymer/paper-styles": "^3.0.0-pre.18",
                "@polymer/polymer": "^3.0.0"
            },
            "dependencies": {
                "@polymer/iron-flex-layout": {
                    "version": "3.0.0-pre.19",
                    "resolved": "https://registry.npmjs.org/@polymer/iron-flex-layout/-/iron-flex-layout-3.0.0-pre.19.tgz",
                    "integrity": "sha512-EZ25vUjmZXLc0hKJj338Ec1fQwemBsfe+Zo5d6ThzJzoSq72uGlZ8deLYNiAhIw6UZZxWttXcN6c/2kZ4qV18A==",
                    "requires": {
                        "@polymer/polymer": "^3.0.0"
                    }
                },
                "@polymer/paper-styles": {
                    "version": "3.0.0-pre.19",
                    "resolved": "https://registry.npmjs.org/@polymer/paper-styles/-/paper-styles-3.0.0-pre.19.tgz",
                    "integrity": "sha512-ASspmHr6GJjDiPxOVsqR2mFSQim13nGy03iLeyBXxX9QQa1rXI6r16/HShBvg8MrncQSRRUHqkFCfRWO3CKpwA==",
                    "requires": {
                        "@polymer/font-roboto": "^3.0.0-pre.19",
                        "@polymer/iron-flex-layout": "^3.0.0-pre.19",
                        "@polymer/polymer": "^3.0.0"
                    }
                },
                "@polymer/polymer": {
                    "version": "3.0.2",
                    "resolved": "https://registry.npmjs.org/@polymer/polymer/-/polymer-3.0.2.tgz",
                    "integrity": "sha512-ow8AAjTe9ps8bantY9IvL0PT+xHf5VN3Cjahfr7gBJAc0lv3jTwGBv7pso65SHyrUJEEHeakhx6iPMl7qY4tfw==",
                    "requires": {
                        "@webcomponents/shadycss": "^1.2.0"
                    }
                }
            }
        },
        "@webcomponents/shadycss": {
            "version": "1.2.1",
            "resolved": "https://registry.npmjs.org/@webcomponents/shadycss/-/shadycss-1.2.1.tgz",
            "integrity": "sha512-ZnjFb1Wf81CqMgs1dbT6JT6N4nY32bs2r5YC/5GSIb/ozJGR+UYs3ldJxtk1v5uZzPRIsAWv7wYSJcCp6ml8+A=="
        },
        "axios": {
            "version": "0.18.0",
            "resolved": "https://registry.npmjs.org/axios/-/axios-0.18.0.tgz",
            "integrity": "sha1-MtU+SFHv3AoRmTts0AB4nXDAUQI=",
            "requires": {
                "follow-redirects": "^1.3.0",
                "is-buffer": "^1.1.5"
            }
        },
        "debug": {
            "version": "3.1.0",
            "resolved": "https://registry.npmjs.org/debug/-/debug-3.1.0.tgz",
            "integrity": "sha512-OX8XqP7/1a9cqkxYw2yXss15f26NKWBpDXQd0/uK/KPqdQhxbPa994hnzjcE2VqQpDslf55723cKPUOGSmMY3g==",
            "requires": {
                "ms": "2.0.0"
            }
        },
        "follow-redirects": {
            "version": "1.5.0",
            "resolved": "https://registry.npmjs.org/follow-redirects/-/follow-redirects-1.5.0.tgz",
            "integrity": "sha512-fdrt472/9qQ6Kgjvb935ig6vJCuofpBUD14f9Vb+SLlm7xIe4Qva5gey8EKtv8lp7ahE1wilg3xL1znpVGtZIA==",
            "requires": {
                "debug": "^3.1.0"
            }
        },
        "is-buffer": {
            "version": "1.1.6",
            "resolved": "https://registry.npmjs.org/is-buffer/-/is-buffer-1.1.6.tgz",
            "integrity": "sha512-NcdALwpXkTm5Zvvbk7owOUSvVvBKDgKP5/ewfXEznmQFfs4ZRmanOeKBTjRVjka3QFoN6XJ+9F3USqfHqTaU5w=="
        },
        "lit-html": {
            "version": "0.9.0",
            "resolved": "https://registry.npmjs.org/lit-html/-/lit-html-0.9.0.tgz",
            "integrity": "sha512-j0W8WNcf/VRsC+vxeZwgh4KfztQ2gqLF5a80G85qdffnKQ0yTC2IQpU3FRmFjRdRTezvszb1rGMm7jScMc2Mog=="
        },
        "ms": {
            "version": "2.0.0",
            "resolved": "https://registry.npmjs.org/ms/-/ms-2.0.0.tgz",
            "integrity": "sha1-VgiurfwAvmwpAd9fmGF4jeDVl8g="
        }
    }
}
